
Microsoft Visual Studio Solution File, Format Version 12.00
# Visual Studio Version 17
VisualStudioVersion = 17.1.32421.90
MinimumVisualStudioVersion = 10.0.40219.1
Project("{9A19103F-16F7-4668-BE54-9A1E7A4F7556}") = "ZoppaLauncher", "ZoppaLauncher\ZoppaLauncher.csproj", "{6A618BC1-FC55-49E2-BF32-BC0694254043}"
EndProject
Project("{8BC9CEB8-8B4A-11D0-8D11-00A0C91BC942}") = "ZoppaShortcutLibrary", "ZoppaShortcutLibrary\ZoppaShortcutLibrary.vcxproj", "{C339C389-5392-4D24-B519-1550298FA2E4}"
EndProject
Global
	GlobalSection(SolutionConfigurationPlatforms) = preSolution
		Debug|Any CPU = Debug|Any CPU
		Debug|x64 = Debug|x64
		Debug|x86 = Debug|x86
		Release|Any CPU = Release|Any CPU
		Release|x64 = Release|x64
		Release|x86 = Release|x86
	EndGlobalSection
	GlobalSection(ProjectConfigurationPlatforms) = postSolution
		{6A618BC1-FC55-49E2-BF32-BC0694254043}.Debug|Any CPU.ActiveCfg = Debug|Any CPU
		{6A618BC1-FC55-49E2-BF32-BC0694254043}.Debug|Any CPU.Build.0 = Debug|Any CPU
		{6A618BC1-FC55-49E2-BF32-BC0694254043}.Debug|x64.ActiveCfg = Debug|Any CPU
		{6A618BC1-FC55-49E2-BF32-BC0694254043}.Debug|x64.Build.0 = Debug|Any CPU
		{6A618BC1-FC55-49E2-BF32-BC0694254043}.Debug|x86.ActiveCfg = Debug|Any CPU
		{6A618BC1-FC55-49E2-BF32-BC0694254043}.Debug|x86.Build.0 = Debug|Any CPU
		{6A618BC1-FC55-49E2-BF32-BC0694254043}.Release|Any CPU.ActiveCfg = Release|Any CPU
		{6A618BC1-FC55-49E2-BF32-BC0694254043}.Release|Any CPU.Build.0 = Release|Any CPU
		{6A618BC1-FC55-49E2-BF32-BC0694254043}.Release|x64.ActiveCfg = Release|Any CPU
		{6A618BC1-FC55-49E2-BF32-BC0694254043}.Release|x64.Build.0 = Release|Any CPU
		{6A618BC1-FC55-49E2-BF32-BC0694254043}.Release|x86.ActiveCfg = Release|Any CPU
		{6A618BC1-FC55-49E2-BF32-BC0694254043}.Release|x86.Build.0 = Release|Any CPU
		{C339C389-5392-4D24-B519-1550298FA2E4}.Debug|Any CPU.ActiveCfg = Debug|x64
		{C339C389-5392-4D24-B519-1550298FA2E4}.Debug|Any CPU.Build.0 = Debug|x64
		{C339C389-5392-4D24-B519-1550298FA2E4}.Debug|x64.ActiveCfg = Debug|x64
		{C339C389-5392-4D24-B519-1550298FA2E4}.Debug|x64.Build.0 = Debug|x64
		{C339C389-5392-4D24-B519-1550298FA2E4}.Debug|x86.ActiveCfg = Debug|Win32
		{C339C389-5392-4D24-B519-1550298FA2E4}.Debug|x86.Build.0 = Debug|Win32
		{C339C389-5392-4D24-B519-1550298FA2E4}.Release|Any CPU.ActiveCfg = Release|x64
		{C339C389-5392-4D24-B519-1550298FA2E4}.Release|Any CPU.Build.0 = Release|x64
		{C339C389-5392-4D24-B519-1550298FA2E4}.Release|x64.ActiveCfg = Release|x64
		{C339C389-5392-4D24-B519-1550298FA2E4}.Release|x64.Build.0 = Release|x64
		{C339C389-5392-4D24-B519-1550298FA2E4}.Release|x86.ActiveCfg = Release|Win32
		{C339C389-5392-4D24-B519-1550298FA2E4}.Release|x86.Build.0 = Release|Win32
	EndGlobalSection
	GlobalSection(SolutionProperties) = preSolution
		HideSolutionNode = FALSE
	EndGlobalSection
	GlobalSection(ExtensibilityGlobals) = postSolution
		SolutionGuid = {5E3C926C-1794-4E7B-8B6E-7396A3E410A1}
	EndGlobalSection
EndGlobal
